
Microsoft Visual Studio Solution File, Format Version 12.00
# Visual Studio Version 16
VisualStudioVersion = 16.0.31410.357
MinimumVisualStudioVersion = 10.0.40219.1
Project("{FAE04EC0-301F-11D3-BF4B-00C04F79EFBC}") = "Enumerators And  Enumerables", "Enumerators And  Enumerables.csproj", "{74D8DFAD-7013-446E-973C-DF9B512680B7}"
EndProject
Global
	GlobalSection(SolutionConfigurationPlatforms) = preSolution
		Debug|Any CPU = Debug|Any CPU
		Release|Any CPU = Release|Any CPU
	EndGlobalSection
	GlobalSection(ProjectConfigurationPlatforms) = postSolution
		{74D8DFAD-7013-446E-973C-DF9B512680B7}.Debug|Any CPU.ActiveCfg = Debug|Any CPU
		{74D8DFAD-7013-446E-973C-DF9B512680B7}.Debug|Any CPU.Build.0 = Debug|Any CPU
		{74D8DFAD-7013-446E-973C-DF9B512680B7}.Release|Any CPU.ActiveCfg = Release|Any CPU
		{74D8DFAD-7013-446E-973C-DF9B512680B7}.Release|Any CPU.Build.0 = Release|Any CPU
	EndGlobalSection
	GlobalSection(SolutionProperties) = preSolution
		HideSolutionNode = FALSE
	EndGlobalSection
	GlobalSection(ExtensibilityGlobals) = postSolution
		SolutionGuid = {221EB845-93FB-4B8A-B22B-3C4F115F41EF}
	EndGlobalSection
EndGlobal
